// !$*UTF8*$!
{
	archiveVersion = 1;
	classes = {
	};
	objectVersion = 50;
	objects = {

/* Begin PBXBuildFile section */
		4911D6F222DDBBA600F227BD /* PureLogger.h in Headers */ = {isa = PBXBuildFile; fileRef = 4911D6F022DDBBA600F227BD /* PureLogger.h */; settings = {ATTRIBUTES = (Public, ); }; };
		4911D6FA22DDBBDC00F227BD /* Log.swift in Sources */ = {isa = PBXBuildFile; fileRef = 4911D6F922DDBBDB00F227BD /* Log.swift */; };
		4911D70222DDBC3700F227BD /* AppDelegate.swift in Sources */ = {isa = PBXBuildFile; fileRef = 4911D70122DDBC3700F227BD /* AppDelegate.swift */; };
		4911D70422DDBC3700F227BD /* ViewController.swift in Sources */ = {isa = PBXBuildFile; fileRef = 4911D70322DDBC3700F227BD /* ViewController.swift */; };
		4911D70722DDBC3700F227BD /* Main.storyboard in Resources */ = {isa = PBXBuildFile; fileRef = 4911D70522DDBC3700F227BD /* Main.storyboard */; };
		4911D70922DDBC3800F227BD /* Assets.xcassets in Resources */ = {isa = PBXBuildFile; fileRef = 4911D70822DDBC3800F227BD /* Assets.xcassets */; };
		4911D70C22DDBC3800F227BD /* LaunchScreen.storyboard in Resources */ = {isa = PBXBuildFile; fileRef = 4911D70A22DDBC3800F227BD /* LaunchScreen.storyboard */; };
		4911D71822DDBDB500F227BD /* PureLogger.framework in Frameworks */ = {isa = PBXBuildFile; fileRef = 4911D6ED22DDBBA600F227BD /* PureLogger.framework */; };
		4911D71922DDBDB500F227BD /* PureLogger.framework in Embed Frameworks */ = {isa = PBXBuildFile; fileRef = 4911D6ED22DDBBA600F227BD /* PureLogger.framework */; settings = {ATTRIBUTES = (CodeSignOnCopy, RemoveHeadersOnCopy, ); }; };
		49BA4768230069F9002003E7 /* PureLogger_macOS.h in Headers */ = {isa = PBXBuildFile; fileRef = 49BA4766230069F9002003E7 /* PureLogger_macOS.h */; settings = {ATTRIBUTES = (Public, ); }; };
		49BA476B230069F9002003E7 /* PureLogger_macOS.framework in Frameworks */ = {isa = PBXBuildFile; fileRef = 49BA4764230069F9002003E7 /* PureLogger_macOS.framework */; };
		49BA476C230069F9002003E7 /* PureLogger_macOS.framework in Embed Frameworks */ = {isa = PBXBuildFile; fileRef = 49BA4764230069F9002003E7 /* PureLogger_macOS.framework */; settings = {ATTRIBUTES = (CodeSignOnCopy, RemoveHeadersOnCopy, ); }; };
		49BA477023006A15002003E7 /* Log.swift in Sources */ = {isa = PBXBuildFile; fileRef = 4911D6F922DDBBDB00F227BD /* Log.swift */; };
		49BA477A23006A47002003E7 /* PureLogger_tvOS.h in Headers */ = {isa = PBXBuildFile; fileRef = 49BA477823006A47002003E7 /* PureLogger_tvOS.h */; settings = {ATTRIBUTES = (Public, ); }; };
		49BA477D23006A47002003E7 /* PureLogger_tvOS.framework in Frameworks */ = {isa = PBXBuildFile; fileRef = 49BA477623006A47002003E7 /* PureLogger_tvOS.framework */; };
		49BA477E23006A47002003E7 /* PureLogger_tvOS.framework in Embed Frameworks */ = {isa = PBXBuildFile; fileRef = 49BA477623006A47002003E7 /* PureLogger_tvOS.framework */; settings = {ATTRIBUTES = (CodeSignOnCopy, RemoveHeadersOnCopy, ); }; };
		49BA478223006A57002003E7 /* Log.swift in Sources */ = {isa = PBXBuildFile; fileRef = 4911D6F922DDBBDB00F227BD /* Log.swift */; };
/* End PBXBuildFile section */

/* Begin PBXContainerItemProxy section */
		4911D71A22DDBDB500F227BD /* PBXContainerItemProxy */ = {
			isa = PBXContainerItemProxy;
			containerPortal = 4911D6E422DDBBA600F227BD /* Project object */;
			proxyType = 1;
			remoteGlobalIDString = 4911D6EC22DDBBA600F227BD;
			remoteInfo = PureLogger;
		};
		49BA4769230069F9002003E7 /* PBXContainerItemProxy */ = {
			isa = PBXContainerItemProxy;
			containerPortal = 4911D6E422DDBBA600F227BD /* Project object */;
			proxyType = 1;
			remoteGlobalIDString = 49BA4763230069F9002003E7;
			remoteInfo = "PureLogger-macOS";
		};
		49BA477B23006A47002003E7 /* PBXContainerItemProxy */ = {
			isa = PBXContainerItemProxy;
			containerPortal = 4911D6E422DDBBA600F227BD /* Project object */;
			proxyType = 1;
			remoteGlobalIDString = 49BA477523006A47002003E7;
			remoteInfo = "PureLogger-tvOS";
		};
/* End PBXContainerItemProxy section */

/* Begin PBXCopyFilesBuildPhase section */
		4911D71C22DDBDB500F227BD /* Embed Frameworks */ = {
			isa = PBXCopyFilesBuildPhase;
			buildActionMask = 2147483647;
			dstPath = "";
			dstSubfolderSpec = 10;
			files = (
				49BA477E23006A47002003E7 /* PureLogger_tvOS.framework in Embed Frameworks */,
				49BA476C230069F9002003E7 /* PureLogger_macOS.framework in Embed Frameworks */,
				4911D71922DDBDB500F227BD /* PureLogger.framework in Embed Frameworks */,
			);
			name = "Embed Frameworks";
			runOnlyForDeploymentPostprocessing = 0;
		};
/* End PBXCopyFilesBuildPhase section */

/* Begin PBXFileReference section */
		4911D6ED22DDBBA600F227BD /* PureLogger.framework */ = {isa = PBXFileReference; explicitFileType = wrapper.framework; includeInIndex = 0; path = PureLogger.framework; sourceTree = BUILT_PRODUCTS_DIR; };
		4911D6F022DDBBA600F227BD /* PureLogger.h */ = {isa = PBXFileReference; lastKnownFileType = sourcecode.c.h; path = PureLogger.h; sourceTree = "<group>"; };
		4911D6F122DDBBA600F227BD /* Info.plist */ = {isa = PBXFileReference; lastKnownFileType = text.plist.xml; path = Info.plist; sourceTree = "<group>"; };
		4911D6F922DDBBDB00F227BD /* Log.swift */ = {isa = PBXFileReference; fileEncoding = 4; lastKnownFileType = sourcecode.swift; path = Log.swift; sourceTree = "<group>"; };
		4911D6FF22DDBC3700F227BD /* PureLoggerExample.app */ = {isa = PBXFileReference; explicitFileType = wrapper.application; includeInIndex = 0; path = PureLoggerExample.app; sourceTree = BUILT_PRODUCTS_DIR; };
		4911D70122DDBC3700F227BD /* AppDelegate.swift */ = {isa = PBXFileReference; lastKnownFileType = sourcecode.swift; path = AppDelegate.swift; sourceTree = "<group>"; };
		4911D70322DDBC3700F227BD /* ViewController.swift */ = {isa = PBXFileReference; lastKnownFileType = sourcecode.swift; path = ViewController.swift; sourceTree = "<group>"; };
		4911D70622DDBC3700F227BD /* Base */ = {isa = PBXFileReference; lastKnownFileType = file.storyboard; name = Base; path = Base.lproj/Main.storyboard; sourceTree = "<group>"; };
		4911D70822DDBC3800F227BD /* Assets.xcassets */ = {isa = PBXFileReference; lastKnownFileType = folder.assetcatalog; path = Assets.xcassets; sourceTree = "<group>"; };
		4911D70B22DDBC3800F227BD /* Base */ = {isa = PBXFileReference; lastKnownFileType = file.storyboard; name = Base; path = Base.lproj/LaunchScreen.storyboard; sourceTree = "<group>"; };
		4911D70D22DDBC3800F227BD /* Info.plist */ = {isa = PBXFileReference; lastKnownFileType = text.plist.xml; path = Info.plist; sourceTree = "<group>"; };
		49BA4764230069F9002003E7 /* PureLogger_macOS.framework */ = {isa = PBXFileReference; explicitFileType = wrapper.framework; includeInIndex = 0; path = PureLogger_macOS.framework; sourceTree = BUILT_PRODUCTS_DIR; };
		49BA4766230069F9002003E7 /* PureLogger_macOS.h */ = {isa = PBXFileReference; lastKnownFileType = sourcecode.c.h; path = PureLogger_macOS.h; sourceTree = "<group>"; };
		49BA4767230069F9002003E7 /* Info.plist */ = {isa = PBXFileReference; lastKnownFileType = text.plist.xml; path = Info.plist; sourceTree = "<group>"; };
		49BA477623006A47002003E7 /* PureLogger_tvOS.framework */ = {isa = PBXFileReference; explicitFileType = wrapper.framework; includeInIndex = 0; path = PureLogger_tvOS.framework; sourceTree = BUILT_PRODUCTS_DIR; };
		49BA477823006A47002003E7 /* PureLogger_tvOS.h */ = {isa = PBXFileReference; lastKnownFileType = sourcecode.c.h; path = PureLogger_tvOS.h; sourceTree = "<group>"; };
		49BA477923006A47002003E7 /* Info.plist */ = {isa = PBXFileReference; lastKnownFileType = text.plist.xml; path = Info.plist; sourceTree = "<group>"; };
/* End PBXFileReference section */

/* Begin PBXFrameworksBuildPhase section */
		4911D6EA22DDBBA600F227BD /* Frameworks */ = {
			isa = PBXFrameworksBuildPhase;
			buildActionMask = 2147483647;
			files = (
			);
			runOnlyForDeploymentPostprocessing = 0;
		};
		4911D6FC22DDBC3700F227BD /* Frameworks */ = {
			isa = PBXFrameworksBuildPhase;
			buildActionMask = 2147483647;
			files = (
				49BA477D23006A47002003E7 /* PureLogger_tvOS.framework in Frameworks */,
				49BA476B230069F9002003E7 /* PureLogger_macOS.framework in Frameworks */,
				4911D71822DDBDB500F227BD /* PureLogger.framework in Frameworks */,
			);
			runOnlyForDeploymentPostprocessing = 0;
		};
		49BA4761230069F9002003E7 /* Frameworks */ = {
			isa = PBXFrameworksBuildPhase;
			buildActionMask = 2147483647;
			files = (
			);
			runOnlyForDeploymentPostprocessing = 0;
		};
		49BA477323006A47002003E7 /* Frameworks */ = {
			isa = PBXFrameworksBuildPhase;
			buildActionMask = 2147483647;
			files = (
			);
			runOnlyForDeploymentPostprocessing = 0;
		};
/* End PBXFrameworksBuildPhase section */

/* Begin PBXGroup section */
		4911D6E322DDBBA600F227BD = {
			isa = PBXGroup;
			children = (
				4911D6EF22DDBBA600F227BD /* PureLogger */,
				4911D70022DDBC3700F227BD /* PureLoggerExample */,
				49BA4765230069F9002003E7 /* PureLogger-macOS */,
				49BA477723006A47002003E7 /* PureLogger-tvOS */,
				4911D6EE22DDBBA600F227BD /* Products */,
				4911D71622DDBD2500F227BD /* Frameworks */,
			);
			sourceTree = "<group>";
		};
		4911D6EE22DDBBA600F227BD /* Products */ = {
			isa = PBXGroup;
			children = (
				4911D6ED22DDBBA600F227BD /* PureLogger.framework */,
				4911D6FF22DDBC3700F227BD /* PureLoggerExample.app */,
				49BA4764230069F9002003E7 /* PureLogger_macOS.framework */,
				49BA477623006A47002003E7 /* PureLogger_tvOS.framework */,
			);
			name = Products;
			sourceTree = "<group>";
		};
		4911D6EF22DDBBA600F227BD /* PureLogger */ = {
			isa = PBXGroup;
			children = (
				4911D6F822DDBBBC00F227BD /* Source */,
				4911D6F022DDBBA600F227BD /* PureLogger.h */,
				4911D6F122DDBBA600F227BD /* Info.plist */,
			);
			path = PureLogger;
			sourceTree = "<group>";
		};
		4911D6F822DDBBBC00F227BD /* Source */ = {
			isa = PBXGroup;
			children = (
				4911D6F922DDBBDB00F227BD /* Log.swift */,
			);
			path = Source;
			sourceTree = "<group>";
		};
		4911D70022DDBC3700F227BD /* PureLoggerExample */ = {
			isa = PBXGroup;
			children = (
				4911D70122DDBC3700F227BD /* AppDelegate.swift */,
				4911D70322DDBC3700F227BD /* ViewController.swift */,
				4911D70522DDBC3700F227BD /* Main.storyboard */,
				4911D70822DDBC3800F227BD /* Assets.xcassets */,
				4911D70A22DDBC3800F227BD /* LaunchScreen.storyboard */,
				4911D70D22DDBC3800F227BD /* Info.plist */,
			);
			path = PureLoggerExample;
			sourceTree = "<group>";
		};
		4911D71622DDBD2500F227BD /* Frameworks */ = {
			isa = PBXGroup;
			children = (
			);
			name = Frameworks;
			sourceTree = "<group>";
		};
		49BA4765230069F9002003E7 /* PureLogger-macOS */ = {
			isa = PBXGroup;
			children = (
				49BA4766230069F9002003E7 /* PureLogger_macOS.h */,
				49BA4767230069F9002003E7 /* Info.plist */,
			);
			path = "PureLogger-macOS";
			sourceTree = "<group>";
		};
		49BA477723006A47002003E7 /* PureLogger-tvOS */ = {
			isa = PBXGroup;
			children = (
				49BA477823006A47002003E7 /* PureLogger_tvOS.h */,
				49BA477923006A47002003E7 /* Info.plist */,
			);
			path = "PureLogger-tvOS";
			sourceTree = "<group>";
		};
/* End PBXGroup section */

/* Begin PBXHeadersBuildPhase section */
		4911D6E822DDBBA600F227BD /* Headers */ = {
			isa = PBXHeadersBuildPhase;
			buildActionMask = 2147483647;
			files = (
				4911D6F222DDBBA600F227BD /* PureLogger.h in Headers */,
			);
			runOnlyForDeploymentPostprocessing = 0;
		};
		49BA475F230069F9002003E7 /* Headers */ = {
			isa = PBXHeadersBuildPhase;
			buildActionMask = 2147483647;
			files = (
				49BA4768230069F9002003E7 /* PureLogger_macOS.h in Headers */,
			);
			runOnlyForDeploymentPostprocessing = 0;
		};
		49BA477123006A47002003E7 /* Headers */ = {
			isa = PBXHeadersBuildPhase;
			buildActionMask = 2147483647;
			files = (
				49BA477A23006A47002003E7 /* PureLogger_tvOS.h in Headers */,
			);
			runOnlyForDeploymentPostprocessing = 0;
		};
/* End PBXHeadersBuildPhase section */

/* Begin PBXNativeTarget section */
		4911D6EC22DDBBA600F227BD /* PureLogger */ = {
			isa = PBXNativeTarget;
			buildConfigurationList = 4911D6F522DDBBA600F227BD /* Build configuration list for PBXNativeTarget "PureLogger" */;
			buildPhases = (
				4911D6E822DDBBA600F227BD /* Headers */,
				4911D6E922DDBBA600F227BD /* Sources */,
				4911D6EA22DDBBA600F227BD /* Frameworks */,
				4911D6EB22DDBBA600F227BD /* Resources */,
			);
			buildRules = (
			);
			dependencies = (
			);
			name = PureLogger;
			productName = PureLogger;
			productReference = 4911D6ED22DDBBA600F227BD /* PureLogger.framework */;
			productType = "com.apple.product-type.framework";
		};
		4911D6FE22DDBC3700F227BD /* PureLoggerExample */ = {
			isa = PBXNativeTarget;
			buildConfigurationList = 4911D70E22DDBC3800F227BD /* Build configuration list for PBXNativeTarget "PureLoggerExample" */;
			buildPhases = (
				4911D6FB22DDBC3700F227BD /* Sources */,
				4911D6FC22DDBC3700F227BD /* Frameworks */,
				4911D6FD22DDBC3700F227BD /* Resources */,
				4911D71C22DDBDB500F227BD /* Embed Frameworks */,
			);
			buildRules = (
			);
			dependencies = (
				4911D71B22DDBDB500F227BD /* PBXTargetDependency */,
				49BA476A230069F9002003E7 /* PBXTargetDependency */,
				49BA477C23006A47002003E7 /* PBXTargetDependency */,
			);
			name = PureLoggerExample;
			productName = PureLoggerExample;
			productReference = 4911D6FF22DDBC3700F227BD /* PureLoggerExample.app */;
			productType = "com.apple.product-type.application";
		};
		49BA4763230069F9002003E7 /* PureLogger-macOS */ = {
			isa = PBXNativeTarget;
			buildConfigurationList = 49BA476F230069F9002003E7 /* Build configuration list for PBXNativeTarget "PureLogger-macOS" */;
			buildPhases = (
				49BA475F230069F9002003E7 /* Headers */,
				49BA4760230069F9002003E7 /* Sources */,
				49BA4761230069F9002003E7 /* Frameworks */,
				49BA4762230069F9002003E7 /* Resources */,
			);
			buildRules = (
			);
			dependencies = (
			);
			name = "PureLogger-macOS";
			productName = "PureLogger-macOS";
			productReference = 49BA4764230069F9002003E7 /* PureLogger_macOS.framework */;
			productType = "com.apple.product-type.framework";
		};
		49BA477523006A47002003E7 /* PureLogger-tvOS */ = {
			isa = PBXNativeTarget;
			buildConfigurationList = 49BA477F23006A47002003E7 /* Build configuration list for PBXNativeTarget "PureLogger-tvOS" */;
			buildPhases = (
				49BA477123006A47002003E7 /* Headers */,
				49BA477223006A47002003E7 /* Sources */,
				49BA477323006A47002003E7 /* Frameworks */,
				49BA477423006A47002003E7 /* Resources */,
			);
			buildRules = (
			);
			dependencies = (
			);
			name = "PureLogger-tvOS";
			productName = "PureLogger-tvOS";
			productReference = 49BA477623006A47002003E7 /* PureLogger_tvOS.framework */;
			productType = "com.apple.product-type.framework";
		};
/* End PBXNativeTarget section */

/* Begin PBXProject section */
		4911D6E422DDBBA600F227BD /* Project object */ = {
			isa = PBXProject;
			attributes = {
				LastSwiftUpdateCheck = 1020;
				LastUpgradeCheck = 1020;
				ORGANIZATIONNAME = Lollipop;
				TargetAttributes = {
					4911D6EC22DDBBA600F227BD = {
						CreatedOnToolsVersion = 10.2;
						LastSwiftMigration = 1020;
					};
					4911D6FE22DDBC3700F227BD = {
						CreatedOnToolsVersion = 10.2;
					};
					49BA4763230069F9002003E7 = {
						CreatedOnToolsVersion = 10.2;
					};
					49BA477523006A47002003E7 = {
						CreatedOnToolsVersion = 10.2;
					};
				};
			};
			buildConfigurationList = 4911D6E722DDBBA600F227BD /* Build configuration list for PBXProject "PureLogger" */;
			compatibilityVersion = "Xcode 9.3";
			developmentRegion = en;
			hasScannedForEncodings = 0;
			knownRegions = (
				en,
				Base,
			);
			mainGroup = 4911D6E322DDBBA600F227BD;
			productRefGroup = 4911D6EE22DDBBA600F227BD /* Products */;
			projectDirPath = "";
			projectRoot = "";
			targets = (
				4911D6FE22DDBC3700F227BD /* PureLoggerExample */,
				4911D6EC22DDBBA600F227BD /* PureLogger */,
				49BA4763230069F9002003E7 /* PureLogger-macOS */,
				49BA477523006A47002003E7 /* PureLogger-tvOS */,
			);
		};
/* End PBXProject section */

/* Begin PBXResourcesBuildPhase section */
		4911D6EB22DDBBA600F227BD /* Resources */ = {
			isa = PBXResourcesBuildPhase;
			buildActionMask = 2147483647;
			files = (
			);
			runOnlyForDeploymentPostprocessing = 0;
		};
		4911D6FD22DDBC3700F227BD /* Resources */ = {
			isa = PBXResourcesBuildPhase;
			buildActionMask = 2147483647;
			files = (
				4911D70C22DDBC3800F227BD /* LaunchScreen.storyboard in Resources */,
				4911D70922DDBC3800F227BD /* Assets.xcassets in Resources */,
				4911D70722DDBC3700F227BD /* Main.storyboard in Resources */,
			);
			runOnlyForDeploymentPostprocessing = 0;
		};
		49BA4762230069F9002003E7 /* Resources */ = {
			isa = PBXResourcesBuildPhase;
			buildActionMask = 2147483647;
			files = (
			);
			runOnlyForDeploymentPostprocessing = 0;
		};
		49BA477423006A47002003E7 /* Resources */ = {
			isa = PBXResourcesBuildPhase;
			buildActionMask = 2147483647;
			files = (
			);
			runOnlyForDeploymentPostprocessing = 0;
		};
/* End PBXResourcesBuildPhase section */

/* Begin PBXSourcesBuildPhase section */
		4911D6E922DDBBA600F227BD /* Sources */ = {
			isa = PBXSourcesBuildPhase;
			buildActionMask = 2147483647;
			files = (
				4911D6FA22DDBBDC00F227BD /* Log.swift in Sources */,
			);
			runOnlyForDeploymentPostprocessing = 0;
		};
		4911D6FB22DDBC3700F227BD /* Sources */ = {
			isa = PBXSourcesBuildPhase;
			buildActionMask = 2147483647;
			files = (
				4911D70422DDBC3700F227BD /* ViewController.swift in Sources */,
				4911D70222DDBC3700F227BD /* AppDelegate.swift in Sources */,
			);
			runOnlyForDeploymentPostprocessing = 0;
		};
		49BA4760230069F9002003E7 /* Sources */ = {
			isa = PBXSourcesBuildPhase;
			buildActionMask = 2147483647;
			files = (
				49BA477023006A15002003E7 /* Log.swift in Sources */,
			);
			runOnlyForDeploymentPostprocessing = 0;
		};
		49BA477223006A47002003E7 /* Sources */ = {
			isa = PBXSourcesBuildPhase;
			buildActionMask = 2147483647;
			files = (
				49BA478223006A57002003E7 /* Log.swift in Sources */,
			);
			runOnlyForDeploymentPostprocessing = 0;
		};
/* End PBXSourcesBuildPhase section */

/* Begin PBXTargetDependency section */
		4911D71B22DDBDB500F227BD /* PBXTargetDependency */ = {
			isa = PBXTargetDependency;
			target = 4911D6EC22DDBBA600F227BD /* PureLogger */;
			targetProxy = 4911D71A22DDBDB500F227BD /* PBXContainerItemProxy */;
		};
		49BA476A230069F9002003E7 /* PBXTargetDependency */ = {
			isa = PBXTargetDependency;
			target = 49BA4763230069F9002003E7 /* PureLogger-macOS */;
			targetProxy = 49BA4769230069F9002003E7 /* PBXContainerItemProxy */;
		};
		49BA477C23006A47002003E7 /* PBXTargetDependency */ = {
			isa = PBXTargetDependency;
			target = 49BA477523006A47002003E7 /* PureLogger-tvOS */;
			targetProxy = 49BA477B23006A47002003E7 /* PBXContainerItemProxy */;
		};
/* End PBXTargetDependency section */

/* Begin PBXVariantGroup section */
		4911D70522DDBC3700F227BD /* Main.storyboard */ = {
			isa = PBXVariantGroup;
			children = (
				4911D70622DDBC3700F227BD /* Base */,
			);
			name = Main.storyboard;
			sourceTree = "<group>";
		};
		4911D70A22DDBC3800F227BD /* LaunchScreen.storyboard */ = {
			isa = PBXVariantGroup;
			children = (
				4911D70B22DDBC3800F227BD /* Base */,
			);
			name = LaunchScreen.storyboard;
			sourceTree = "<group>";
		};
/* End PBXVariantGroup section */

/* Begin XCBuildConfiguration section */
		4911D6F322DDBBA600F227BD /* Debug */ = {
			isa = XCBuildConfiguration;
			buildSettings = {
				ALWAYS_SEARCH_USER_PATHS = NO;
				CLANG_ANALYZER_NONNULL = YES;
				CLANG_ANALYZER_NUMBER_OBJECT_CONVERSION = YES_AGGRESSIVE;
				CLANG_CXX_LANGUAGE_STANDARD = "gnu++14";
				CLANG_CXX_LIBRARY = "libc++";
				CLANG_ENABLE_MODULES = YES;
				CLANG_ENABLE_OBJC_ARC = YES;
				CLANG_ENABLE_OBJC_WEAK = YES;
				CLANG_WARN_BLOCK_CAPTURE_AUTORELEASING = YES;
				CLANG_WARN_BOOL_CONVERSION = YES;
				CLANG_WARN_COMMA = YES;
				CLANG_WARN_CONSTANT_CONVERSION = YES;
				CLANG_WARN_DEPRECATED_OBJC_IMPLEMENTATIONS = YES;
				CLANG_WARN_DIRECT_OBJC_ISA_USAGE = YES_ERROR;
				CLANG_WARN_DOCUMENTATION_COMMENTS = YES;
				CLANG_WARN_EMPTY_BODY = YES;
				CLANG_WARN_ENUM_CONVERSION = YES;
				CLANG_WARN_INFINITE_RECURSION = YES;
				CLANG_WARN_INT_CONVERSION = YES;
				CLANG_WARN_NON_LITERAL_NULL_CONVERSION = YES;
				CLANG_WARN_OBJC_IMPLICIT_RETAIN_SELF = YES;
				CLANG_WARN_OBJC_LITERAL_CONVERSION = YES;
				CLANG_WARN_OBJC_ROOT_CLASS = YES_ERROR;
				CLANG_WARN_RANGE_LOOP_ANALYSIS = YES;
				CLANG_WARN_STRICT_PROTOTYPES = YES;
				CLANG_WARN_SUSPICIOUS_MOVE = YES;
				CLANG_WARN_UNGUARDED_AVAILABILITY = YES_AGGRESSIVE;
				CLANG_WARN_UNREACHABLE_CODE = YES;
				CLANG_WARN__DUPLICATE_METHOD_MATCH = YES;
				CODE_SIGN_IDENTITY = "iPhone Developer";
				COPY_PHASE_STRIP = NO;
				CURRENT_PROJECT_VERSION = 1;
				DEBUG_INFORMATION_FORMAT = dwarf;
				ENABLE_STRICT_OBJC_MSGSEND = YES;
				ENABLE_TESTABILITY = YES;
				GCC_C_LANGUAGE_STANDARD = gnu11;
				GCC_DYNAMIC_NO_PIC = NO;
				GCC_NO_COMMON_BLOCKS = YES;
				GCC_OPTIMIZATION_LEVEL = 0;
				GCC_PREPROCESSOR_DEFINITIONS = (
					"DEBUG=1",
					"$(inherited)",
				);
				GCC_WARN_64_TO_32_BIT_CONVERSION = YES;
				GCC_WARN_ABOUT_RETURN_TYPE = YES_ERROR;
				GCC_WARN_UNDECLARED_SELECTOR = YES;
				GCC_WARN_UNINITIALIZED_AUTOS = YES_AGGRESSIVE;
				GCC_WARN_UNUSED_FUNCTION = YES;
				GCC_WARN_UNUSED_VARIABLE = YES;
				IPHONEOS_DEPLOYMENT_TARGET = 10.0;
				MTL_ENABLE_DEBUG_INFO = INCLUDE_SOURCE;
				MTL_FAST_MATH = YES;
				ONLY_ACTIVE_ARCH = YES;
				SDKROOT = iphoneos;
				SWIFT_ACTIVE_COMPILATION_CONDITIONS = DEBUG;
				SWIFT_OPTIMIZATION_LEVEL = "-Onone";
				VERSIONING_SYSTEM = "apple-generic";
				VERSION_INFO_PREFIX = "";
			};
			name = Debug;
		};
		4911D6F422DDBBA600F227BD /* Release */ = {
			isa = XCBuildConfiguration;
			buildSettings = {
				ALWAYS_SEARCH_USER_PATHS = NO;
				CLANG_ANALYZER_NONNULL = YES;
				CLANG_ANALYZER_NUMBER_OBJECT_CONVERSION = YES_AGGRESSIVE;
				CLANG_CXX_LANGUAGE_STANDARD = "gnu++14";
				CLANG_CXX_LIBRARY = "libc++";
				CLANG_ENABLE_MODULES = YES;
				CLANG_ENABLE_OBJC_ARC = YES;
				CLANG_ENABLE_OBJC_WEAK = YES;
				CLANG_WARN_BLOCK_CAPTURE_AUTORELEASING = YES;
				CLANG_WARN_BOOL_CONVERSION = YES;
				CLANG_WARN_COMMA = YES;
				CLANG_WARN_CONSTANT_CONVERSION = YES;
				CLANG_WARN_DEPRECATED_OBJC_IMPLEMENTATIONS = YES;
				CLANG_WARN_DIRECT_OBJC_ISA_USAGE = YES_ERROR;
				CLANG_WARN_DOCUMENTATION_COMMENTS = YES;
				CLANG_WARN_EMPTY_BODY = YES;
				CLANG_WARN_ENUM_CONVERSION = YES;
				CLANG_WARN_INFINITE_RECURSION = YES;
				CLANG_WARN_INT_CONVERSION = YES;
				CLANG_WARN_NON_LITERAL_NULL_CONVERSION = YES;
				CLANG_WARN_OBJC_IMPLICIT_RETAIN_SELF = YES;
				CLANG_WARN_OBJC_LITERAL_CONVERSION = YES;
				CLANG_WARN_OBJC_ROOT_CLASS = YES_ERROR;
				CLANG_WARN_RANGE_LOOP_ANALYSIS = YES;
				CLANG_WARN_STRICT_PROTOTYPES = YES;
				CLANG_WARN_SUSPICIOUS_MOVE = YES;
				CLANG_WARN_UNGUARDED_AVAILABILITY = YES_AGGRESSIVE;
				CLANG_WARN_UNREACHABLE_CODE = YES;
				CLANG_WARN__DUPLICATE_METHOD_MATCH = YES;
				CODE_SIGN_IDENTITY = "iPhone Developer";
				COPY_PHASE_STRIP = NO;
				CURRENT_PROJECT_VERSION = 1;
				DEBUG_INFORMATION_FORMAT = "dwarf-with-dsym";
				ENABLE_NS_ASSERTIONS = NO;
				ENABLE_STRICT_OBJC_MSGSEND = YES;
				GCC_C_LANGUAGE_STANDARD = gnu11;
				GCC_NO_COMMON_BLOCKS = YES;
				GCC_WARN_64_TO_32_BIT_CONVERSION = YES;
				GCC_WARN_ABOUT_RETURN_TYPE = YES_ERROR;
				GCC_WARN_UNDECLARED_SELECTOR = YES;
				GCC_WARN_UNINITIALIZED_AUTOS = YES_AGGRESSIVE;
				GCC_WARN_UNUSED_FUNCTION = YES;
				GCC_WARN_UNUSED_VARIABLE = YES;
				IPHONEOS_DEPLOYMENT_TARGET = 10.0;
				MTL_ENABLE_DEBUG_INFO = NO;
				MTL_FAST_MATH = YES;
				SDKROOT = iphoneos;
				SWIFT_COMPILATION_MODE = wholemodule;
				SWIFT_OPTIMIZATION_LEVEL = "-O";
				VALIDATE_PRODUCT = YES;
				VERSIONING_SYSTEM = "apple-generic";
				VERSION_INFO_PREFIX = "";
			};
			name = Release;
		};
		4911D6F622DDBBA600F227BD /* Debug */ = {
			isa = XCBuildConfiguration;
			buildSettings = {
				CLANG_ENABLE_MODULES = YES;
				CODE_SIGN_IDENTITY = "";
				CODE_SIGN_STYLE = Automatic;
				DEFINES_MODULE = YES;
				DYLIB_COMPATIBILITY_VERSION = 1;
				DYLIB_CURRENT_VERSION = 1;
				DYLIB_INSTALL_NAME_BASE = "@rpath";
				INFOPLIST_FILE = PureLogger/Info.plist;
				INSTALL_PATH = "$(LOCAL_LIBRARY_DIR)/Frameworks";
				IPHONEOS_DEPLOYMENT_TARGET = 10.0;
				LD_RUNPATH_SEARCH_PATHS = (
					"$(inherited)",
					"@executable_path/Frameworks",
					"@loader_path/Frameworks",
				);
				MARKETING_VERSION = 0.3;
				PRODUCT_BUNDLE_IDENTIFIER = lollipop.PureLogger;
				PRODUCT_NAME = "$(TARGET_NAME:c99extidentifier)";
				SKIP_INSTALL = YES;
				SWIFT_OPTIMIZATION_LEVEL = "-Onone";
				SWIFT_VERSION = 5.0;
				TARGETED_DEVICE_FAMILY = "1,2";
			};
			name = Debug;
		};
		4911D6F722DDBBA600F227BD /* Release */ = {
			isa = XCBuildConfiguration;
			buildSettings = {
				CLANG_ENABLE_MODULES = YES;
				CODE_SIGN_IDENTITY = "";
				CODE_SIGN_STYLE = Automatic;
				DEFINES_MODULE = YES;
				DYLIB_COMPATIBILITY_VERSION = 1;
				DYLIB_CURRENT_VERSION = 1;
				DYLIB_INSTALL_NAME_BASE = "@rpath";
				INFOPLIST_FILE = PureLogger/Info.plist;
				INSTALL_PATH = "$(LOCAL_LIBRARY_DIR)/Frameworks";
				IPHONEOS_DEPLOYMENT_TARGET = 10.0;
				LD_RUNPATH_SEARCH_PATHS = (
					"$(inherited)",
					"@executable_path/Frameworks",
					"@loader_path/Frameworks",
				);
				MARKETING_VERSION = 0.3;
				PRODUCT_BUNDLE_IDENTIFIER = lollipop.PureLogger;
				PRODUCT_NAME = "$(TARGET_NAME:c99extidentifier)";
				SKIP_INSTALL = YES;
				SWIFT_VERSION = 5.0;
				TARGETED_DEVICE_FAMILY = "1,2";
			};
			name = Release;
		};
		4911D70F22DDBC3800F227BD /* Debug */ = {
			isa = XCBuildConfiguration;
			buildSettings = {
				ALWAYS_EMBED_SWIFT_STANDARD_LIBRARIES = YES;
				ASSETCATALOG_COMPILER_APPICON_NAME = AppIcon;
				CODE_SIGN_STYLE = Automatic;
				INFOPLIST_FILE = PureLoggerExample/Info.plist;
				IPHONEOS_DEPLOYMENT_TARGET = 10.0;
				LD_RUNPATH_SEARCH_PATHS = (
					"$(inherited)",
					"@executable_path/Frameworks",
				);
				PRODUCT_BUNDLE_IDENTIFIER = lollipop.PureLoggerExample;
				PRODUCT_NAME = "$(TARGET_NAME)";
				SWIFT_VERSION = 5.0;
				TARGETED_DEVICE_FAMILY = "1,2";
			};
			name = Debug;
		};
		4911D71022DDBC3800F227BD /* Release */ = {
			isa = XCBuildConfiguration;
			buildSettings = {
				ALWAYS_EMBED_SWIFT_STANDARD_LIBRARIES = YES;
				ASSETCATALOG_COMPILER_APPICON_NAME = AppIcon;
				CODE_SIGN_STYLE = Automatic;
				INFOPLIST_FILE = PureLoggerExample/Info.plist;
				IPHONEOS_DEPLOYMENT_TARGET = 10.0;
				LD_RUNPATH_SEARCH_PATHS = (
					"$(inherited)",
					"@executable_path/Frameworks",
				);
				PRODUCT_BUNDLE_IDENTIFIER = lollipop.PureLoggerExample;
				PRODUCT_NAME = "$(TARGET_NAME)";
				SWIFT_VERSION = 5.0;
				TARGETED_DEVICE_FAMILY = "1,2";
			};
			name = Release;
		};
		49BA476D230069F9002003E7 /* Debug */ = {
			isa = XCBuildConfiguration;
			buildSettings = {
				CODE_SIGN_IDENTITY = "";
				CODE_SIGN_STYLE = Automatic;
				DEFINES_MODULE = YES;
				DYLIB_COMPATIBILITY_VERSION = 1;
				DYLIB_CURRENT_VERSION = 1;
				DYLIB_INSTALL_NAME_BASE = "@rpath";
				INFOPLIST_FILE = "PureLogger-macOS/Info.plist";
				INSTALL_PATH = "$(LOCAL_LIBRARY_DIR)/Frameworks";
				IPHONEOS_DEPLOYMENT_TARGET = 10.12;
				LD_RUNPATH_SEARCH_PATHS = (
					"$(inherited)",
					"@executable_path/Frameworks",
					"@loader_path/Frameworks",
				);
				MARKETING_VERSION = 0.3;
				PRODUCT_BUNDLE_IDENTIFIER = "Lollipop.PureLogger-macOS";
				PRODUCT_NAME = "$(TARGET_NAME:c99extidentifier)";
				SKIP_INSTALL = YES;
				SWIFT_VERSION = 5.0;
				TARGETED_DEVICE_FAMILY = "1,2";
			};
			name = Debug;
		};
		49BA476E230069F9002003E7 /* Release */ = {
			isa = XCBuildConfiguration;
			buildSettings = {
				CODE_SIGN_IDENTITY = "";
				CODE_SIGN_STYLE = Automatic;
				DEFINES_MODULE = YES;
				DYLIB_COMPATIBILITY_VERSION = 1;
				DYLIB_CURRENT_VERSION = 1;
				DYLIB_INSTALL_NAME_BASE = "@rpath";
				INFOPLIST_FILE = "PureLogger-macOS/Info.plist";
				INSTALL_PATH = "$(LOCAL_LIBRARY_DIR)/Frameworks";
				IPHONEOS_DEPLOYMENT_TARGET = 10.12;
				LD_RUNPATH_SEARCH_PATHS = (
					"$(inherited)",
					"@executable_path/Frameworks",
					"@loader_path/Frameworks",
				);
				MARKETING_VERSION = 0.3;
				PRODUCT_BUNDLE_IDENTIFIER = "Lollipop.PureLogger-macOS";
				PRODUCT_NAME = "$(TARGET_NAME:c99extidentifier)";
				SKIP_INSTALL = YES;
				SWIFT_VERSION = 5.0;
				TARGETED_DEVICE_FAMILY = "1,2";
			};
			name = Release;
		};
		49BA478023006A47002003E7 /* Debug */ = {
			isa = XCBuildConfiguration;
			buildSettings = {
				CODE_SIGN_IDENTITY = "";
				CODE_SIGN_STYLE = Automatic;
				DEFINES_MODULE = YES;
				DYLIB_COMPATIBILITY_VERSION = 1;
				DYLIB_CURRENT_VERSION = 1;
				DYLIB_INSTALL_NAME_BASE = "@rpath";
				INFOPLIST_FILE = "PureLogger-tvOS/Info.plist";
				INSTALL_PATH = "$(LOCAL_LIBRARY_DIR)/Frameworks";
				IPHONEOS_DEPLOYMENT_TARGET = 10.0;
				LD_RUNPATH_SEARCH_PATHS = (
					"$(inherited)",
					"@executable_path/Frameworks",
					"@loader_path/Frameworks",
				);
				MARKETING_VERSION = 0.3;
				PRODUCT_BUNDLE_IDENTIFIER = "Lollipop.PureLogger-tvOS";
				PRODUCT_NAME = "$(TARGET_NAME:c99extidentifier)";
				SKIP_INSTALL = YES;
				SWIFT_VERSION = 5.0;
				TARGETED_DEVICE_FAMILY = "1,2";
			};
			name = Debug;
		};
		49BA478123006A47002003E7 /* Release */ = {
			isa = XCBuildConfiguration;
			buildSettings = {
				CODE_SIGN_IDENTITY = "";
				CODE_SIGN_STYLE = Automatic;
				DEFINES_MODULE = YES;
				DYLIB_COMPATIBILITY_VERSION = 1;
				DYLIB_CURRENT_VERSION = 1;
				DYLIB_INSTALL_NAME_BASE = "@rpath";
				INFOPLIST_FILE = "PureLogger-tvOS/Info.plist";
				INSTALL_PATH = "$(LOCAL_LIBRARY_DIR)/Frameworks";
				IPHONEOS_DEPLOYMENT_TARGET = 10.0;
				LD_RUNPATH_SEARCH_PATHS = (
					"$(inherited)",
					"@executable_path/Frameworks",
					"@loader_path/Frameworks",
				);
				MARKETING_VERSION = 0.3;
				PRODUCT_BUNDLE_IDENTIFIER = "Lollipop.PureLogger-tvOS";
				PRODUCT_NAME = "$(TARGET_NAME:c99extidentifier)";
				SKIP_INSTALL = YES;
				SWIFT_VERSION = 5.0;
				TARGETED_DEVICE_FAMILY = "1,2";
			};
			name = Release;
		};
/* End XCBuildConfiguration section */

/* Begin XCConfigurationList section */
		4911D6E722DDBBA600F227BD /* Build configuration list for PBXProject "PureLogger" */ = {
			isa = XCConfigurationList;
			buildConfigurations = (
				4911D6F322DDBBA600F227BD /* Debug */,
				4911D6F422DDBBA600F227BD /* Release */,
			);
			defaultConfigurationIsVisible = 0;
			defaultConfigurationName = Release;
		};
		4911D6F522DDBBA600F227BD /* Build configuration list for PBXNativeTarget "PureLogger" */ = {
			isa = XCConfigurationList;
			buildConfigurations = (
				4911D6F622DDBBA600F227BD /* Debug */,
				4911D6F722DDBBA600F227BD /* Release */,
			);
			defaultConfigurationIsVisible = 0;
			defaultConfigurationName = Release;
		};
		4911D70E22DDBC3800F227BD /* Build configuration list for PBXNativeTarget "PureLoggerExample" */ = {
			isa = XCConfigurationList;
			buildConfigurations = (
				4911D70F22DDBC3800F227BD /* Debug */,
				4911D71022DDBC3800F227BD /* Release */,
			);
			defaultConfigurationIsVisible = 0;
			defaultConfigurationName = Release;
		};
		49BA476F230069F9002003E7 /* Build configuration list for PBXNativeTarget "PureLogger-macOS" */ = {
			isa = XCConfigurationList;
			buildConfigurations = (
				49BA476D230069F9002003E7 /* Debug */,
				49BA476E230069F9002003E7 /* Release */,
			);
			defaultConfigurationIsVisible = 0;
			defaultConfigurationName = Release;
		};
		49BA477F23006A47002003E7 /* Build configuration list for PBXNativeTarget "PureLogger-tvOS" */ = {
			isa = XCConfigurationList;
			buildConfigurations = (
				49BA478023006A47002003E7 /* Debug */,
				49BA478123006A47002003E7 /* Release */,
			);
			defaultConfigurationIsVisible = 0;
			defaultConfigurationName = Release;
		};
/* End XCConfigurationList section */
	};
	rootObject = 4911D6E422DDBBA600F227BD /* Project object */;
}
